
Microsoft Visual Studio Solution File, Format Version 12.00
# Visual Studio Version 16
VisualStudioVersion = 16.0.29926.136
MinimumVisualStudioVersion = 10.0.40219.1
Project("{FAE04EC0-301F-11D3-BF4B-00C04F79EFBC}") = "M1HelloWorld", "M1HelloWorld\M1HelloWorld.csproj", "{49C48F30-46EB-49AC-8476-306B9C24BD11}"
EndProject
Project("{FAE04EC0-301F-11D3-BF4B-00C04F79EFBC}") = "Demo-Console", "Demo-Console\Demo-Console.csproj", "{628F4FD2-44E1-40D5-A59D-A92322E2BD03}"
EndProject
Project("{FAE04EC0-301F-11D3-BF4B-00C04F79EFBC}") = "Demo-String", "Demo-String\Demo-String.csproj", "{433B8746-0C74-4D67-86CE-D14085A44B92}"
EndProject
Project("{FAE04EC0-301F-11D3-BF4B-00C04F79EFBC}") = "Demo-bool", "Demo-bool\Demo-bool.csproj", "{0F4C3F0D-5E1E-4BE1-A8F0-B9534C15C5A4}"
EndProject
Project("{FAE04EC0-301F-11D3-BF4B-00C04F79EFBC}") = "Demo.int", "Demo.int\Demo.int.csproj", "{C136780F-7270-41BB-9C42-F85A2C8878D0}"
EndProject
Project("{FAE04EC0-301F-11D3-BF4B-00C04F79EFBC}") = "Demo-double", "Demo-double\Demo-double.csproj", "{85603200-F71E-4DDA-A136-899C2B634C28}"
EndProject
Project("{FAE04EC0-301F-11D3-BF4B-00C04F79EFBC}") = "Demo-Enum", "Demo-Enum\Demo-Enum.csproj", "{84F1D15D-D392-44A9-AFD9-BB3E92FD373B}"
EndProject
Project("{FAE04EC0-301F-11D3-BF4B-00C04F79EFBC}") = "M2Minirechner", "M2Minirechner\M2Minirechner.csproj", "{F17BBBF1-9F4A-44A4-B157-789563344F58}"
EndProject
Project("{FAE04EC0-301F-11D3-BF4B-00C04F79EFBC}") = "M3Zufallszahl", "M3Zufallszahl\M3Zufallszahl.csproj", "{232489D4-0A25-4D2D-8A86-4C18741EECD1}"
EndProject
Project("{FAE04EC0-301F-11D3-BF4B-00C04F79EFBC}") = "Demo_Methods", "Demo_Methods\Demo_Methods.csproj", "{F25A479D-DEF6-4F9F-8540-9A1CB5DBD7CC}"
EndProject
Project("{9A19103F-16F7-4668-BE54-9A1E7A4F7556}") = "Demo-Library", "Demo-Library\Demo-Library.csproj", "{ABE13897-7D5B-4511-BF1F-F3BF9E6D956D}"
EndProject
Project("{FAE04EC0-301F-11D3-BF4B-00C04F79EFBC}") = "Demo-Library_Consumer", "Demo-Library_Consumer\Demo-Library_Consumer.csproj", "{41EF8AB2-23EC-4F93-A35E-62ABBACA05EC}"
EndProject
Project("{FAE04EC0-301F-11D3-BF4B-00C04F79EFBC}") = "Transportmittel", "Transportmittel\Transportmittel.csproj", "{C86C87E1-2DB4-4878-A522-013FA4F3BD26}"
EndProject
Project("{FAE04EC0-301F-11D3-BF4B-00C04F79EFBC}") = "Demo-List", "DList\Demo-List.csproj", "{DFACA3F5-BF4C-4BDB-A85F-57ADE908DA9E}"
EndProject
Project("{FAE04EC0-301F-11D3-BF4B-00C04F79EFBC}") = "Demo-Queue", "DQueue\Demo-Queue.csproj", "{FE21799B-CD31-4BC3-9665-588ABEBA95F2}"
EndProject
Project("{FAE04EC0-301F-11D3-BF4B-00C04F79EFBC}") = "Demo-Stack", "DStack\Demo-Stack.csproj", "{09DDF4DC-DC47-4E0C-ABB4-E479625F2532}"
EndProject
Project("{FAE04EC0-301F-11D3-BF4B-00C04F79EFBC}") = "Demo-KeyValuePair", "DKeyValuePair\Demo-KeyValuePair.csproj", "{4E000B7F-B95B-44A4-9C40-0F70380817B6}"
EndProject
Project("{FAE04EC0-301F-11D3-BF4B-00C04F79EFBC}") = "DDictionary", "DDictionary\DDictionary.csproj", "{65BD9B5F-F4E1-4E16-AE2F-A4E96A1CB287}"
EndProject
Project("{FAE04EC0-301F-11D3-BF4B-00C04F79EFBC}") = "Demo-Array", "Demo-Array\Demo-Array.csproj", "{52087C4A-8473-41E3-A38E-49BD9F6097A4}"
EndProject
Project("{FAE04EC0-301F-11D3-BF4B-00C04F79EFBC}") = "Demo-Random", "Demo-Random\Demo-Random.csproj", "{A1399012-5BA8-4885-88F1-C6E9F0B44BDB}"
EndProject
Project("{FAE04EC0-301F-11D3-BF4B-00C04F79EFBC}") = "Demo-WindowsForm", "Demo-WindowsForm\Demo-WindowsForm.csproj", "{20D00B65-94BA-4023-A64A-9166C3FB9CAF}"
EndProject
Global
	GlobalSection(SolutionConfigurationPlatforms) = preSolution
		Debug|Any CPU = Debug|Any CPU
		Release|Any CPU = Release|Any CPU
	EndGlobalSection
	GlobalSection(ProjectConfigurationPlatforms) = postSolution
		{49C48F30-46EB-49AC-8476-306B9C24BD11}.Debug|Any CPU.ActiveCfg = Debug|Any CPU
		{49C48F30-46EB-49AC-8476-306B9C24BD11}.Debug|Any CPU.Build.0 = Debug|Any CPU
		{49C48F30-46EB-49AC-8476-306B9C24BD11}.Release|Any CPU.ActiveCfg = Release|Any CPU
		{49C48F30-46EB-49AC-8476-306B9C24BD11}.Release|Any CPU.Build.0 = Release|Any CPU
		{628F4FD2-44E1-40D5-A59D-A92322E2BD03}.Debug|Any CPU.ActiveCfg = Debug|Any CPU
		{628F4FD2-44E1-40D5-A59D-A92322E2BD03}.Debug|Any CPU.Build.0 = Debug|Any CPU
		{628F4FD2-44E1-40D5-A59D-A92322E2BD03}.Release|Any CPU.ActiveCfg = Release|Any CPU
		{628F4FD2-44E1-40D5-A59D-A92322E2BD03}.Release|Any CPU.Build.0 = Release|Any CPU
		{433B8746-0C74-4D67-86CE-D14085A44B92}.Debug|Any CPU.ActiveCfg = Debug|Any CPU
		{433B8746-0C74-4D67-86CE-D14085A44B92}.Debug|Any CPU.Build.0 = Debug|Any CPU
		{433B8746-0C74-4D67-86CE-D14085A44B92}.Release|Any CPU.ActiveCfg = Release|Any CPU
		{433B8746-0C74-4D67-86CE-D14085A44B92}.Release|Any CPU.Build.0 = Release|Any CPU
		{0F4C3F0D-5E1E-4BE1-A8F0-B9534C15C5A4}.Debug|Any CPU.ActiveCfg = Debug|Any CPU
		{0F4C3F0D-5E1E-4BE1-A8F0-B9534C15C5A4}.Debug|Any CPU.Build.0 = Debug|Any CPU
		{0F4C3F0D-5E1E-4BE1-A8F0-B9534C15C5A4}.Release|Any CPU.ActiveCfg = Release|Any CPU
		{0F4C3F0D-5E1E-4BE1-A8F0-B9534C15C5A4}.Release|Any CPU.Build.0 = Release|Any CPU
		{C136780F-7270-41BB-9C42-F85A2C8878D0}.Debug|Any CPU.ActiveCfg = Debug|Any CPU
		{C136780F-7270-41BB-9C42-F85A2C8878D0}.Debug|Any CPU.Build.0 = Debug|Any CPU
		{C136780F-7270-41BB-9C42-F85A2C8878D0}.Release|Any CPU.ActiveCfg = Release|Any CPU
		{C136780F-7270-41BB-9C42-F85A2C8878D0}.Release|Any CPU.Build.0 = Release|Any CPU
		{85603200-F71E-4DDA-A136-899C2B634C28}.Debug|Any CPU.ActiveCfg = Debug|Any CPU
		{85603200-F71E-4DDA-A136-899C2B634C28}.Debug|Any CPU.Build.0 = Debug|Any CPU
		{85603200-F71E-4DDA-A136-899C2B634C28}.Release|Any CPU.ActiveCfg = Release|Any CPU
		{85603200-F71E-4DDA-A136-899C2B634C28}.Release|Any CPU.Build.0 = Release|Any CPU
		{84F1D15D-D392-44A9-AFD9-BB3E92FD373B}.Debug|Any CPU.ActiveCfg = Debug|Any CPU
		{84F1D15D-D392-44A9-AFD9-BB3E92FD373B}.Debug|Any CPU.Build.0 = Debug|Any CPU
		{84F1D15D-D392-44A9-AFD9-BB3E92FD373B}.Release|Any CPU.ActiveCfg = Release|Any CPU
		{84F1D15D-D392-44A9-AFD9-BB3E92FD373B}.Release|Any CPU.Build.0 = Release|Any CPU
		{F17BBBF1-9F4A-44A4-B157-789563344F58}.Debug|Any CPU.ActiveCfg = Debug|Any CPU
		{F17BBBF1-9F4A-44A4-B157-789563344F58}.Debug|Any CPU.Build.0 = Debug|Any CPU
		{F17BBBF1-9F4A-44A4-B157-789563344F58}.Release|Any CPU.ActiveCfg = Release|Any CPU
		{F17BBBF1-9F4A-44A4-B157-789563344F58}.Release|Any CPU.Build.0 = Release|Any CPU
		{232489D4-0A25-4D2D-8A86-4C18741EECD1}.Debug|Any CPU.ActiveCfg = Debug|Any CPU
		{232489D4-0A25-4D2D-8A86-4C18741EECD1}.Debug|Any CPU.Build.0 = Debug|Any CPU
		{232489D4-0A25-4D2D-8A86-4C18741EECD1}.Release|Any CPU.ActiveCfg = Release|Any CPU
		{232489D4-0A25-4D2D-8A86-4C18741EECD1}.Release|Any CPU.Build.0 = Release|Any CPU
		{F25A479D-DEF6-4F9F-8540-9A1CB5DBD7CC}.Debug|Any CPU.ActiveCfg = Debug|Any CPU
		{F25A479D-DEF6-4F9F-8540-9A1CB5DBD7CC}.Debug|Any CPU.Build.0 = Debug|Any CPU
		{F25A479D-DEF6-4F9F-8540-9A1CB5DBD7CC}.Release|Any CPU.ActiveCfg = Release|Any CPU
		{F25A479D-DEF6-4F9F-8540-9A1CB5DBD7CC}.Release|Any CPU.Build.0 = Release|Any CPU
		{ABE13897-7D5B-4511-BF1F-F3BF9E6D956D}.Debug|Any CPU.ActiveCfg = Debug|Any CPU
		{ABE13897-7D5B-4511-BF1F-F3BF9E6D956D}.Debug|Any CPU.Build.0 = Debug|Any CPU
		{ABE13897-7D5B-4511-BF1F-F3BF9E6D956D}.Release|Any CPU.ActiveCfg = Release|Any CPU
		{ABE13897-7D5B-4511-BF1F-F3BF9E6D956D}.Release|Any CPU.Build.0 = Release|Any CPU
		{41EF8AB2-23EC-4F93-A35E-62ABBACA05EC}.Debug|Any CPU.ActiveCfg = Debug|Any CPU
		{41EF8AB2-23EC-4F93-A35E-62ABBACA05EC}.Debug|Any CPU.Build.0 = Debug|Any CPU
		{41EF8AB2-23EC-4F93-A35E-62ABBACA05EC}.Release|Any CPU.ActiveCfg = Release|Any CPU
		{41EF8AB2-23EC-4F93-A35E-62ABBACA05EC}.Release|Any CPU.Build.0 = Release|Any CPU
		{C86C87E1-2DB4-4878-A522-013FA4F3BD26}.Debug|Any CPU.ActiveCfg = Debug|Any CPU
		{C86C87E1-2DB4-4878-A522-013FA4F3BD26}.Debug|Any CPU.Build.0 = Debug|Any CPU
		{C86C87E1-2DB4-4878-A522-013FA4F3BD26}.Release|Any CPU.ActiveCfg = Release|Any CPU
		{C86C87E1-2DB4-4878-A522-013FA4F3BD26}.Release|Any CPU.Build.0 = Release|Any CPU
		{DFACA3F5-BF4C-4BDB-A85F-57ADE908DA9E}.Debug|Any CPU.ActiveCfg = Debug|Any CPU
		{DFACA3F5-BF4C-4BDB-A85F-57ADE908DA9E}.Debug|Any CPU.Build.0 = Debug|Any CPU
		{DFACA3F5-BF4C-4BDB-A85F-57ADE908DA9E}.Release|Any CPU.ActiveCfg = Release|Any CPU
		{DFACA3F5-BF4C-4BDB-A85F-57ADE908DA9E}.Release|Any CPU.Build.0 = Release|Any CPU
		{FE21799B-CD31-4BC3-9665-588ABEBA95F2}.Debug|Any CPU.ActiveCfg = Debug|Any CPU
		{FE21799B-CD31-4BC3-9665-588ABEBA95F2}.Debug|Any CPU.Build.0 = Debug|Any CPU
		{FE21799B-CD31-4BC3-9665-588ABEBA95F2}.Release|Any CPU.ActiveCfg = Release|Any CPU
		{FE21799B-CD31-4BC3-9665-588ABEBA95F2}.Release|Any CPU.Build.0 = Release|Any CPU
		{09DDF4DC-DC47-4E0C-ABB4-E479625F2532}.Debug|Any CPU.ActiveCfg = Debug|Any CPU
		{09DDF4DC-DC47-4E0C-ABB4-E479625F2532}.Debug|Any CPU.Build.0 = Debug|Any CPU
		{09DDF4DC-DC47-4E0C-ABB4-E479625F2532}.Release|Any CPU.ActiveCfg = Release|Any CPU
		{09DDF4DC-DC47-4E0C-ABB4-E479625F2532}.Release|Any CPU.Build.0 = Release|Any CPU
		{4E000B7F-B95B-44A4-9C40-0F70380817B6}.Debug|Any CPU.ActiveCfg = Debug|Any CPU
		{4E000B7F-B95B-44A4-9C40-0F70380817B6}.Debug|Any CPU.Build.0 = Debug|Any CPU
		{4E000B7F-B95B-44A4-9C40-0F70380817B6}.Release|Any CPU.ActiveCfg = Release|Any CPU
		{4E000B7F-B95B-44A4-9C40-0F70380817B6}.Release|Any CPU.Build.0 = Release|Any CPU
		{65BD9B5F-F4E1-4E16-AE2F-A4E96A1CB287}.Debug|Any CPU.ActiveCfg = Debug|Any CPU
		{65BD9B5F-F4E1-4E16-AE2F-A4E96A1CB287}.Debug|Any CPU.Build.0 = Debug|Any CPU
		{65BD9B5F-F4E1-4E16-AE2F-A4E96A1CB287}.Release|Any CPU.ActiveCfg = Release|Any CPU
		{65BD9B5F-F4E1-4E16-AE2F-A4E96A1CB287}.Release|Any CPU.Build.0 = Release|Any CPU
		{52087C4A-8473-41E3-A38E-49BD9F6097A4}.Debug|Any CPU.ActiveCfg = Debug|Any CPU
		{52087C4A-8473-41E3-A38E-49BD9F6097A4}.Debug|Any CPU.Build.0 = Debug|Any CPU
		{52087C4A-8473-41E3-A38E-49BD9F6097A4}.Release|Any CPU.ActiveCfg = Release|Any CPU
		{52087C4A-8473-41E3-A38E-49BD9F6097A4}.Release|Any CPU.Build.0 = Release|Any CPU
		{A1399012-5BA8-4885-88F1-C6E9F0B44BDB}.Debug|Any CPU.ActiveCfg = Debug|Any CPU
		{A1399012-5BA8-4885-88F1-C6E9F0B44BDB}.Debug|Any CPU.Build.0 = Debug|Any CPU
		{A1399012-5BA8-4885-88F1-C6E9F0B44BDB}.Release|Any CPU.ActiveCfg = Release|Any CPU
		{A1399012-5BA8-4885-88F1-C6E9F0B44BDB}.Release|Any CPU.Build.0 = Release|Any CPU
		{20D00B65-94BA-4023-A64A-9166C3FB9CAF}.Debug|Any CPU.ActiveCfg = Debug|Any CPU
		{20D00B65-94BA-4023-A64A-9166C3FB9CAF}.Debug|Any CPU.Build.0 = Debug|Any CPU
		{20D00B65-94BA-4023-A64A-9166C3FB9CAF}.Release|Any CPU.ActiveCfg = Release|Any CPU
		{20D00B65-94BA-4023-A64A-9166C3FB9CAF}.Release|Any CPU.Build.0 = Release|Any CPU
	EndGlobalSection
	GlobalSection(SolutionProperties) = preSolution
		HideSolutionNode = FALSE
	EndGlobalSection
	GlobalSection(ExtensibilityGlobals) = postSolution
		SolutionGuid = {49F174EB-3AEC-4132-BF8E-CF4697524B96}
	EndGlobalSection
EndGlobal
