
Microsoft Visual Studio Solution File, Format Version 12.00
# Visual Studio Version 16
VisualStudioVersion = 16.0.29926.136
MinimumVisualStudioVersion = 10.0.40219.1
Project("{FAE04EC0-301F-11D3-BF4B-00C04F79EFBC}") = "M1HelloWorld", "M1HelloWorld\M1HelloWorld.csproj", "{E893457A-D14E-42C9-B115-68AEB64871B2}"
EndProject
Project("{FAE04EC0-301F-11D3-BF4B-00C04F79EFBC}") = "Demo-Console", "Demo-Console\Demo-Console.csproj", "{7C95A083-9F62-47E9-92D7-1FF90AE32348}"
EndProject
Project("{FAE04EC0-301F-11D3-BF4B-00C04F79EFBC}") = "Demo-String", "Demo-String\Demo-String.csproj", "{88FCADDC-A66D-47B3-9F52-952E5E8360EE}"
EndProject
Project("{FAE04EC0-301F-11D3-BF4B-00C04F79EFBC}") = "Demo-bool", "Demo-bool\Demo-bool.csproj", "{77984335-DF10-41BA-9A68-DB830D248F14}"
EndProject
Project("{FAE04EC0-301F-11D3-BF4B-00C04F79EFBC}") = "Demo-int", "Demo-int\Demo-int.csproj", "{D6A87B5B-2A75-42C5-A23C-FBA83B1D151E}"
EndProject
Project("{FAE04EC0-301F-11D3-BF4B-00C04F79EFBC}") = "Demo-Double", "Demo-Double\Demo-Double.csproj", "{45147FA1-C844-4CBD-95DF-D059769CDA73}"
EndProject
Project("{FAE04EC0-301F-11D3-BF4B-00C04F79EFBC}") = "Demo-enum", "Demo-enum\Demo-enum.csproj", "{2EAB6978-A286-4703-99F1-D7E740584F92}"
EndProject
Project("{FAE04EC0-301F-11D3-BF4B-00C04F79EFBC}") = "M2MiniRechner", "M2MiniRechner\M2MiniRechner.csproj", "{ECD06977-71AA-4997-9A1E-D62291E6FA90}"
EndProject
Project("{FAE04EC0-301F-11D3-BF4B-00C04F79EFBC}") = "M3Zufallszahl", "M3Zufallszahl\M3Zufallszahl.csproj", "{F1808711-4119-4897-8424-B2C39CCEA237}"
EndProject
Project("{FAE04EC0-301F-11D3-BF4B-00C04F79EFBC}") = "Demo-Methods", "Demo-Methods\Demo-Methods.csproj", "{5BA10F4C-EB54-43D9-9F60-0FCFEE36462D}"
EndProject
Project("{FAE04EC0-301F-11D3-BF4B-00C04F79EFBC}") = "Demo-Library", "Demo-Library\Demo-Library.csproj", "{7B7D19AA-286B-49BC-B44E-697D7F8F9729}"
EndProject
Project("{FAE04EC0-301F-11D3-BF4B-00C04F79EFBC}") = "Demo-Library-Consumer", "Demo-Library-Consumer\Demo-Library-Consumer.csproj", "{D805EF72-3218-4D7A-85E7-9F47422F9646}"
EndProject
Project("{FAE04EC0-301F-11D3-BF4B-00C04F79EFBC}") = "Demo-Array", "Demo-Array\Demo-Array.csproj", "{52087C4A-8473-41E3-A38E-49BD9F6097A4}"
EndProject
Project("{FAE04EC0-301F-11D3-BF4B-00C04F79EFBC}") = "Demo-Random", "Demo-Random\Demo-Random.csproj", "{A1399012-5BA8-4885-88F1-C6E9F0B44BDB}"
EndProject
Project("{FAE04EC0-301F-11D3-BF4B-00C04F79EFBC}") = "Demo-KeyValuePair", "DKeyValuePair\Demo-KeyValuePair.csproj", "{4E000B7F-B95B-44A4-9C40-0F70380817B6}"
EndProject
Project("{FAE04EC0-301F-11D3-BF4B-00C04F79EFBC}") = "Demo-List", "DList\Demo-List.csproj", "{DFACA3F5-BF4C-4BDB-A85F-57ADE908DA9E}"
EndProject
Project("{FAE04EC0-301F-11D3-BF4B-00C04F79EFBC}") = "Demo-Queue", "DQueue\Demo-Queue.csproj", "{FE21799B-CD31-4BC3-9665-588ABEBA95F2}"
EndProject
Project("{FAE04EC0-301F-11D3-BF4B-00C04F79EFBC}") = "Demo-Stack", "DStack\Demo-Stack.csproj", "{09DDF4DC-DC47-4E0C-ABB4-E479625F2532}"
EndProject
Project("{FAE04EC0-301F-11D3-BF4B-00C04F79EFBC}") = "Demo-Dictionary", "DDictionary\Demo-Dictionary.csproj", "{65BD9B5F-F4E1-4E16-AE2F-A4E96A1CB287}"
EndProject
Project("{FAE04EC0-301F-11D3-BF4B-00C04F79EFBC}") = "Demo-WinForm", "Demo_WinForm\Demo-WinForm.csproj", "{0797C3A8-BBC6-4EC0-82DD-AAF102F1CDD6}"
EndProject
Project("{FAE04EC0-301F-11D3-BF4B-00C04F79EFBC}") = "Demo-Delegate", "Demo-Delegate\Demo-Delegate.csproj", "{B4BF81FA-9CE8-4465-8425-634C23BC749B}"
EndProject
Project("{FAE04EC0-301F-11D3-BF4B-00C04F79EFBC}") = "M10ButtonKollision", "M10ButtonKollision\M10ButtonKollision.csproj", "{30AFDCFC-2249-402C-A91F-8A8D4872361D}"
EndProject
Project("{FAE04EC0-301F-11D3-BF4B-00C04F79EFBC}") = "Demo-Exceptions", "Demo-Exceptions\Demo-Exceptions.csproj", "{2FBC06D4-8C78-4710-AA07-AD0C56381586}"
EndProject
Project("{FAE04EC0-301F-11D3-BF4B-00C04F79EFBC}") = "Demo-UnitTests", "Demo-UnitTests\Demo-UnitTests.csproj", "{35F1902C-1CE5-4FC3-8A59-7EFE2C5DFC27}"
EndProject
Project("{FAE04EC0-301F-11D3-BF4B-00C04F79EFBC}") = "MTransport", "MTransport\MTransport.csproj", "{7B9785A7-DD24-4E74-837A-60156C4D2E54}"
EndProject
Project("{FAE04EC0-301F-11D3-BF4B-00C04F79EFBC}") = "M13Serialisierung", "M13Serialisierung\M13Serialisierung.csproj", "{7782962A-3696-450A-8D99-062A3BD24AB0}"
EndProject
Project("{FAE04EC0-301F-11D3-BF4B-00C04F79EFBC}") = "Demo-EntityFrameworkCore", "Demo-EntityFrameworkCore\Demo-EntityFrameworkCore.csproj", "{71D8A908-6F45-4343-889A-B14D53CA98DF}"
EndProject
Global
	GlobalSection(SolutionConfigurationPlatforms) = preSolution
		Debug|Any CPU = Debug|Any CPU
		Release|Any CPU = Release|Any CPU
	EndGlobalSection
	GlobalSection(ProjectConfigurationPlatforms) = postSolution
		{E893457A-D14E-42C9-B115-68AEB64871B2}.Debug|Any CPU.ActiveCfg = Debug|Any CPU
		{E893457A-D14E-42C9-B115-68AEB64871B2}.Debug|Any CPU.Build.0 = Debug|Any CPU
		{E893457A-D14E-42C9-B115-68AEB64871B2}.Release|Any CPU.ActiveCfg = Release|Any CPU
		{E893457A-D14E-42C9-B115-68AEB64871B2}.Release|Any CPU.Build.0 = Release|Any CPU
		{7C95A083-9F62-47E9-92D7-1FF90AE32348}.Debug|Any CPU.ActiveCfg = Debug|Any CPU
		{7C95A083-9F62-47E9-92D7-1FF90AE32348}.Debug|Any CPU.Build.0 = Debug|Any CPU
		{7C95A083-9F62-47E9-92D7-1FF90AE32348}.Release|Any CPU.ActiveCfg = Release|Any CPU
		{7C95A083-9F62-47E9-92D7-1FF90AE32348}.Release|Any CPU.Build.0 = Release|Any CPU
		{88FCADDC-A66D-47B3-9F52-952E5E8360EE}.Debug|Any CPU.ActiveCfg = Debug|Any CPU
		{88FCADDC-A66D-47B3-9F52-952E5E8360EE}.Debug|Any CPU.Build.0 = Debug|Any CPU
		{88FCADDC-A66D-47B3-9F52-952E5E8360EE}.Release|Any CPU.ActiveCfg = Release|Any CPU
		{88FCADDC-A66D-47B3-9F52-952E5E8360EE}.Release|Any CPU.Build.0 = Release|Any CPU
		{77984335-DF10-41BA-9A68-DB830D248F14}.Debug|Any CPU.ActiveCfg = Debug|Any CPU
		{77984335-DF10-41BA-9A68-DB830D248F14}.Debug|Any CPU.Build.0 = Debug|Any CPU
		{77984335-DF10-41BA-9A68-DB830D248F14}.Release|Any CPU.ActiveCfg = Release|Any CPU
		{77984335-DF10-41BA-9A68-DB830D248F14}.Release|Any CPU.Build.0 = Release|Any CPU
		{D6A87B5B-2A75-42C5-A23C-FBA83B1D151E}.Debug|Any CPU.ActiveCfg = Debug|Any CPU
		{D6A87B5B-2A75-42C5-A23C-FBA83B1D151E}.Debug|Any CPU.Build.0 = Debug|Any CPU
		{D6A87B5B-2A75-42C5-A23C-FBA83B1D151E}.Release|Any CPU.ActiveCfg = Release|Any CPU
		{D6A87B5B-2A75-42C5-A23C-FBA83B1D151E}.Release|Any CPU.Build.0 = Release|Any CPU
		{45147FA1-C844-4CBD-95DF-D059769CDA73}.Debug|Any CPU.ActiveCfg = Debug|Any CPU
		{45147FA1-C844-4CBD-95DF-D059769CDA73}.Debug|Any CPU.Build.0 = Debug|Any CPU
		{45147FA1-C844-4CBD-95DF-D059769CDA73}.Release|Any CPU.ActiveCfg = Release|Any CPU
		{45147FA1-C844-4CBD-95DF-D059769CDA73}.Release|Any CPU.Build.0 = Release|Any CPU
		{2EAB6978-A286-4703-99F1-D7E740584F92}.Debug|Any CPU.ActiveCfg = Debug|Any CPU
		{2EAB6978-A286-4703-99F1-D7E740584F92}.Debug|Any CPU.Build.0 = Debug|Any CPU
		{2EAB6978-A286-4703-99F1-D7E740584F92}.Release|Any CPU.ActiveCfg = Release|Any CPU
		{2EAB6978-A286-4703-99F1-D7E740584F92}.Release|Any CPU.Build.0 = Release|Any CPU
		{ECD06977-71AA-4997-9A1E-D62291E6FA90}.Debug|Any CPU.ActiveCfg = Debug|Any CPU
		{ECD06977-71AA-4997-9A1E-D62291E6FA90}.Debug|Any CPU.Build.0 = Debug|Any CPU
		{ECD06977-71AA-4997-9A1E-D62291E6FA90}.Release|Any CPU.ActiveCfg = Release|Any CPU
		{ECD06977-71AA-4997-9A1E-D62291E6FA90}.Release|Any CPU.Build.0 = Release|Any CPU
		{F1808711-4119-4897-8424-B2C39CCEA237}.Debug|Any CPU.ActiveCfg = Debug|Any CPU
		{F1808711-4119-4897-8424-B2C39CCEA237}.Debug|Any CPU.Build.0 = Debug|Any CPU
		{F1808711-4119-4897-8424-B2C39CCEA237}.Release|Any CPU.ActiveCfg = Release|Any CPU
		{F1808711-4119-4897-8424-B2C39CCEA237}.Release|Any CPU.Build.0 = Release|Any CPU
		{5BA10F4C-EB54-43D9-9F60-0FCFEE36462D}.Debug|Any CPU.ActiveCfg = Debug|Any CPU
		{5BA10F4C-EB54-43D9-9F60-0FCFEE36462D}.Debug|Any CPU.Build.0 = Debug|Any CPU
		{5BA10F4C-EB54-43D9-9F60-0FCFEE36462D}.Release|Any CPU.ActiveCfg = Release|Any CPU
		{5BA10F4C-EB54-43D9-9F60-0FCFEE36462D}.Release|Any CPU.Build.0 = Release|Any CPU
		{7B7D19AA-286B-49BC-B44E-697D7F8F9729}.Debug|Any CPU.ActiveCfg = Debug|Any CPU
		{7B7D19AA-286B-49BC-B44E-697D7F8F9729}.Debug|Any CPU.Build.0 = Debug|Any CPU
		{7B7D19AA-286B-49BC-B44E-697D7F8F9729}.Release|Any CPU.ActiveCfg = Release|Any CPU
		{7B7D19AA-286B-49BC-B44E-697D7F8F9729}.Release|Any CPU.Build.0 = Release|Any CPU
		{D805EF72-3218-4D7A-85E7-9F47422F9646}.Debug|Any CPU.ActiveCfg = Debug|Any CPU
		{D805EF72-3218-4D7A-85E7-9F47422F9646}.Debug|Any CPU.Build.0 = Debug|Any CPU
		{D805EF72-3218-4D7A-85E7-9F47422F9646}.Release|Any CPU.ActiveCfg = Release|Any CPU
		{D805EF72-3218-4D7A-85E7-9F47422F9646}.Release|Any CPU.Build.0 = Release|Any CPU
		{52087C4A-8473-41E3-A38E-49BD9F6097A4}.Debug|Any CPU.ActiveCfg = Debug|Any CPU
		{52087C4A-8473-41E3-A38E-49BD9F6097A4}.Debug|Any CPU.Build.0 = Debug|Any CPU
		{52087C4A-8473-41E3-A38E-49BD9F6097A4}.Release|Any CPU.ActiveCfg = Release|Any CPU
		{52087C4A-8473-41E3-A38E-49BD9F6097A4}.Release|Any CPU.Build.0 = Release|Any CPU
		{A1399012-5BA8-4885-88F1-C6E9F0B44BDB}.Debug|Any CPU.ActiveCfg = Debug|Any CPU
		{A1399012-5BA8-4885-88F1-C6E9F0B44BDB}.Debug|Any CPU.Build.0 = Debug|Any CPU
		{A1399012-5BA8-4885-88F1-C6E9F0B44BDB}.Release|Any CPU.ActiveCfg = Release|Any CPU
		{A1399012-5BA8-4885-88F1-C6E9F0B44BDB}.Release|Any CPU.Build.0 = Release|Any CPU
		{4E000B7F-B95B-44A4-9C40-0F70380817B6}.Debug|Any CPU.ActiveCfg = Debug|Any CPU
		{4E000B7F-B95B-44A4-9C40-0F70380817B6}.Debug|Any CPU.Build.0 = Debug|Any CPU
		{4E000B7F-B95B-44A4-9C40-0F70380817B6}.Release|Any CPU.ActiveCfg = Release|Any CPU
		{4E000B7F-B95B-44A4-9C40-0F70380817B6}.Release|Any CPU.Build.0 = Release|Any CPU
		{DFACA3F5-BF4C-4BDB-A85F-57ADE908DA9E}.Debug|Any CPU.ActiveCfg = Debug|Any CPU
		{DFACA3F5-BF4C-4BDB-A85F-57ADE908DA9E}.Debug|Any CPU.Build.0 = Debug|Any CPU
		{DFACA3F5-BF4C-4BDB-A85F-57ADE908DA9E}.Release|Any CPU.ActiveCfg = Release|Any CPU
		{DFACA3F5-BF4C-4BDB-A85F-57ADE908DA9E}.Release|Any CPU.Build.0 = Release|Any CPU
		{FE21799B-CD31-4BC3-9665-588ABEBA95F2}.Debug|Any CPU.ActiveCfg = Debug|Any CPU
		{FE21799B-CD31-4BC3-9665-588ABEBA95F2}.Debug|Any CPU.Build.0 = Debug|Any CPU
		{FE21799B-CD31-4BC3-9665-588ABEBA95F2}.Release|Any CPU.ActiveCfg = Release|Any CPU
		{FE21799B-CD31-4BC3-9665-588ABEBA95F2}.Release|Any CPU.Build.0 = Release|Any CPU
		{09DDF4DC-DC47-4E0C-ABB4-E479625F2532}.Debug|Any CPU.ActiveCfg = Debug|Any CPU
		{09DDF4DC-DC47-4E0C-ABB4-E479625F2532}.Debug|Any CPU.Build.0 = Debug|Any CPU
		{09DDF4DC-DC47-4E0C-ABB4-E479625F2532}.Release|Any CPU.ActiveCfg = Release|Any CPU
		{09DDF4DC-DC47-4E0C-ABB4-E479625F2532}.Release|Any CPU.Build.0 = Release|Any CPU
		{65BD9B5F-F4E1-4E16-AE2F-A4E96A1CB287}.Debug|Any CPU.ActiveCfg = Debug|Any CPU
		{65BD9B5F-F4E1-4E16-AE2F-A4E96A1CB287}.Debug|Any CPU.Build.0 = Debug|Any CPU
		{65BD9B5F-F4E1-4E16-AE2F-A4E96A1CB287}.Release|Any CPU.ActiveCfg = Release|Any CPU
		{65BD9B5F-F4E1-4E16-AE2F-A4E96A1CB287}.Release|Any CPU.Build.0 = Release|Any CPU
		{0797C3A8-BBC6-4EC0-82DD-AAF102F1CDD6}.Debug|Any CPU.ActiveCfg = Debug|Any CPU
		{0797C3A8-BBC6-4EC0-82DD-AAF102F1CDD6}.Debug|Any CPU.Build.0 = Debug|Any CPU
		{0797C3A8-BBC6-4EC0-82DD-AAF102F1CDD6}.Release|Any CPU.ActiveCfg = Release|Any CPU
		{0797C3A8-BBC6-4EC0-82DD-AAF102F1CDD6}.Release|Any CPU.Build.0 = Release|Any CPU
		{B4BF81FA-9CE8-4465-8425-634C23BC749B}.Debug|Any CPU.ActiveCfg = Debug|Any CPU
		{B4BF81FA-9CE8-4465-8425-634C23BC749B}.Debug|Any CPU.Build.0 = Debug|Any CPU
		{B4BF81FA-9CE8-4465-8425-634C23BC749B}.Release|Any CPU.ActiveCfg = Release|Any CPU
		{B4BF81FA-9CE8-4465-8425-634C23BC749B}.Release|Any CPU.Build.0 = Release|Any CPU
		{30AFDCFC-2249-402C-A91F-8A8D4872361D}.Debug|Any CPU.ActiveCfg = Debug|Any CPU
		{30AFDCFC-2249-402C-A91F-8A8D4872361D}.Debug|Any CPU.Build.0 = Debug|Any CPU
		{30AFDCFC-2249-402C-A91F-8A8D4872361D}.Release|Any CPU.ActiveCfg = Release|Any CPU
		{30AFDCFC-2249-402C-A91F-8A8D4872361D}.Release|Any CPU.Build.0 = Release|Any CPU
		{2FBC06D4-8C78-4710-AA07-AD0C56381586}.Debug|Any CPU.ActiveCfg = Debug|Any CPU
		{2FBC06D4-8C78-4710-AA07-AD0C56381586}.Debug|Any CPU.Build.0 = Debug|Any CPU
		{2FBC06D4-8C78-4710-AA07-AD0C56381586}.Release|Any CPU.ActiveCfg = Release|Any CPU
		{2FBC06D4-8C78-4710-AA07-AD0C56381586}.Release|Any CPU.Build.0 = Release|Any CPU
		{35F1902C-1CE5-4FC3-8A59-7EFE2C5DFC27}.Debug|Any CPU.ActiveCfg = Debug|Any CPU
		{35F1902C-1CE5-4FC3-8A59-7EFE2C5DFC27}.Debug|Any CPU.Build.0 = Debug|Any CPU
		{35F1902C-1CE5-4FC3-8A59-7EFE2C5DFC27}.Release|Any CPU.ActiveCfg = Release|Any CPU
		{35F1902C-1CE5-4FC3-8A59-7EFE2C5DFC27}.Release|Any CPU.Build.0 = Release|Any CPU
		{7B9785A7-DD24-4E74-837A-60156C4D2E54}.Debug|Any CPU.ActiveCfg = Debug|Any CPU
		{7B9785A7-DD24-4E74-837A-60156C4D2E54}.Debug|Any CPU.Build.0 = Debug|Any CPU
		{7B9785A7-DD24-4E74-837A-60156C4D2E54}.Release|Any CPU.ActiveCfg = Release|Any CPU
		{7B9785A7-DD24-4E74-837A-60156C4D2E54}.Release|Any CPU.Build.0 = Release|Any CPU
		{7782962A-3696-450A-8D99-062A3BD24AB0}.Debug|Any CPU.ActiveCfg = Debug|Any CPU
		{7782962A-3696-450A-8D99-062A3BD24AB0}.Debug|Any CPU.Build.0 = Debug|Any CPU
		{7782962A-3696-450A-8D99-062A3BD24AB0}.Release|Any CPU.ActiveCfg = Release|Any CPU
		{7782962A-3696-450A-8D99-062A3BD24AB0}.Release|Any CPU.Build.0 = Release|Any CPU
		{71D8A908-6F45-4343-889A-B14D53CA98DF}.Debug|Any CPU.ActiveCfg = Debug|Any CPU
		{71D8A908-6F45-4343-889A-B14D53CA98DF}.Debug|Any CPU.Build.0 = Debug|Any CPU
		{71D8A908-6F45-4343-889A-B14D53CA98DF}.Release|Any CPU.ActiveCfg = Release|Any CPU
		{71D8A908-6F45-4343-889A-B14D53CA98DF}.Release|Any CPU.Build.0 = Release|Any CPU
	EndGlobalSection
	GlobalSection(SolutionProperties) = preSolution
		HideSolutionNode = FALSE
	EndGlobalSection
	GlobalSection(ExtensibilityGlobals) = postSolution
		SolutionGuid = {242C1564-4B73-4E54-8252-3A2AFE560A0D}
	EndGlobalSection
EndGlobal
