
Microsoft Visual Studio Solution File, Format Version 12.00
# Visual Studio Version 16
VisualStudioVersion = 16.0.29926.136
MinimumVisualStudioVersion = 10.0.40219.1
Project("{FAE04EC0-301F-11D3-BF4B-00C04F79EFBC}") = "M1HelloWorld", "M1HelloWorld\M1HelloWorld.csproj", "{1CB8587E-0478-441C-84B9-469132D44285}"
EndProject
Project("{FAE04EC0-301F-11D3-BF4B-00C04F79EFBC}") = "Demo-Console", "Demo-Console\Demo-Console.csproj", "{1F89C445-7ACE-4D4B-AA14-9A04E338FCB3}"
EndProject
Project("{FAE04EC0-301F-11D3-BF4B-00C04F79EFBC}") = "Demo-String", "Demo-String\Demo-String.csproj", "{329C6135-5809-42EA-9A3F-CEAE4E3B59DB}"
EndProject
Project("{FAE04EC0-301F-11D3-BF4B-00C04F79EFBC}") = "Demo-bool", "Demo-bool\Demo-bool.csproj", "{D5A2C104-86A3-414A-B52E-917F82808AA2}"
EndProject
Project("{FAE04EC0-301F-11D3-BF4B-00C04F79EFBC}") = "Demo-int", "Demo-int\Demo-int.csproj", "{4690FD06-C93F-466E-9151-2D6EAC945392}"
EndProject
Project("{FAE04EC0-301F-11D3-BF4B-00C04F79EFBC}") = "Demo-double", "Demo-double\Demo-double.csproj", "{1B7239F8-BC65-4591-AA8F-D79FDB0C9023}"
EndProject
Project("{FAE04EC0-301F-11D3-BF4B-00C04F79EFBC}") = "Demo-enum", "Demo-enum\Demo-enum.csproj", "{1892257D-3BC2-47F7-A412-94C3837A9FBC}"
EndProject
Project("{FAE04EC0-301F-11D3-BF4B-00C04F79EFBC}") = "M2MiniRechner", "M2MiniRechner\M2MiniRechner.csproj", "{8BC8A033-5688-4FDC-B545-611051955B92}"
EndProject
Project("{FAE04EC0-301F-11D3-BF4B-00C04F79EFBC}") = "Demo-bits", "Demo-bits\Demo-bits.csproj", "{D0B13621-C58E-47B1-9F1A-204869A5E42F}"
EndProject
Project("{FAE04EC0-301F-11D3-BF4B-00C04F79EFBC}") = "M3Zufallszahl", "M3Zufallszahl\M3Zufallszahl.csproj", "{F438A89F-1E43-4F0B-B9F8-CCADDBB395FF}"
EndProject
Project("{FAE04EC0-301F-11D3-BF4B-00C04F79EFBC}") = "Demo-Methods", "Demo-Methods\Demo-Methods.csproj", "{BC3E5ABE-6500-4280-B8F7-2BAF44CDBB34}"
EndProject
Project("{FAE04EC0-301F-11D3-BF4B-00C04F79EFBC}") = "Demo-Library", "Demo-Library\Demo-Library.csproj", "{271F5382-754F-48A9-B812-92FE050575D8}"
EndProject
Project("{FAE04EC0-301F-11D3-BF4B-00C04F79EFBC}") = "Demo-Library-Consumer", "Demo-Library-Consumer\Demo-Library-Consumer.csproj", "{7920EAE8-3D22-4339-AF6B-0D139AAD9D3B}"
EndProject
Project("{FAE04EC0-301F-11D3-BF4B-00C04F79EFBC}") = "Demo-WinForm", "Demo-WinForm\Demo-WinForm.csproj", "{20B6B443-970A-476B-8222-10CBA9486817}"
EndProject
Project("{FAE04EC0-301F-11D3-BF4B-00C04F79EFBC}") = "Demo-delegate", "Demo-delegate\Demo-delegate.csproj", "{B3533FFA-05E3-4FBB-AFA5-D3520AEECCB5}"
EndProject
Project("{FAE04EC0-301F-11D3-BF4B-00C04F79EFBC}") = "MTransport", "MTransport\MTransport.csproj", "{7B9785A7-DD24-4E74-837A-60156C4D2E54}"
EndProject
Project("{FAE04EC0-301F-11D3-BF4B-00C04F79EFBC}") = "Demo-Array", "Demo-Array\Demo-Array.csproj", "{52087C4A-8473-41E3-A38E-49BD9F6097A4}"
EndProject
Project("{FAE04EC0-301F-11D3-BF4B-00C04F79EFBC}") = "Demo-Dictionary", "Demo-Dictionary\Demo-Dictionary.csproj", "{65BD9B5F-F4E1-4E16-AE2F-A4E96A1CB287}"
EndProject
Project("{FAE04EC0-301F-11D3-BF4B-00C04F79EFBC}") = "Demo-KeyValuePair", "Demo-KeyValuePair\Demo-KeyValuePair.csproj", "{4E000B7F-B95B-44A4-9C40-0F70380817B6}"
EndProject
Project("{FAE04EC0-301F-11D3-BF4B-00C04F79EFBC}") = "Demo-List", "Demo-List\Demo-List.csproj", "{DFACA3F5-BF4C-4BDB-A85F-57ADE908DA9E}"
EndProject
Project("{FAE04EC0-301F-11D3-BF4B-00C04F79EFBC}") = "Demo-Queue", "Demo-Queue\Demo-Queue.csproj", "{FE21799B-CD31-4BC3-9665-588ABEBA95F2}"
EndProject
Project("{FAE04EC0-301F-11D3-BF4B-00C04F79EFBC}") = "Demo-Random", "Demo-Random\Demo-Random.csproj", "{A1399012-5BA8-4885-88F1-C6E9F0B44BDB}"
EndProject
Project("{FAE04EC0-301F-11D3-BF4B-00C04F79EFBC}") = "Demo-Stack", "Demo-Stack\Demo-Stack.csproj", "{09DDF4DC-DC47-4E0C-ABB4-E479625F2532}"
EndProject
Project("{FAE04EC0-301F-11D3-BF4B-00C04F79EFBC}") = "M10ButtonKollision", "M10ButtonKollision\M10ButtonKollision.csproj", "{2DD35AE9-2F0E-4022-9AA2-A9A1FF86EBD2}"
EndProject
Global
	GlobalSection(SolutionConfigurationPlatforms) = preSolution
		Debug|Any CPU = Debug|Any CPU
		Release|Any CPU = Release|Any CPU
	EndGlobalSection
	GlobalSection(ProjectConfigurationPlatforms) = postSolution
		{1CB8587E-0478-441C-84B9-469132D44285}.Debug|Any CPU.ActiveCfg = Debug|Any CPU
		{1CB8587E-0478-441C-84B9-469132D44285}.Debug|Any CPU.Build.0 = Debug|Any CPU
		{1CB8587E-0478-441C-84B9-469132D44285}.Release|Any CPU.ActiveCfg = Release|Any CPU
		{1CB8587E-0478-441C-84B9-469132D44285}.Release|Any CPU.Build.0 = Release|Any CPU
		{1F89C445-7ACE-4D4B-AA14-9A04E338FCB3}.Debug|Any CPU.ActiveCfg = Debug|Any CPU
		{1F89C445-7ACE-4D4B-AA14-9A04E338FCB3}.Debug|Any CPU.Build.0 = Debug|Any CPU
		{1F89C445-7ACE-4D4B-AA14-9A04E338FCB3}.Release|Any CPU.ActiveCfg = Release|Any CPU
		{1F89C445-7ACE-4D4B-AA14-9A04E338FCB3}.Release|Any CPU.Build.0 = Release|Any CPU
		{329C6135-5809-42EA-9A3F-CEAE4E3B59DB}.Debug|Any CPU.ActiveCfg = Debug|Any CPU
		{329C6135-5809-42EA-9A3F-CEAE4E3B59DB}.Debug|Any CPU.Build.0 = Debug|Any CPU
		{329C6135-5809-42EA-9A3F-CEAE4E3B59DB}.Release|Any CPU.ActiveCfg = Release|Any CPU
		{329C6135-5809-42EA-9A3F-CEAE4E3B59DB}.Release|Any CPU.Build.0 = Release|Any CPU
		{D5A2C104-86A3-414A-B52E-917F82808AA2}.Debug|Any CPU.ActiveCfg = Debug|Any CPU
		{D5A2C104-86A3-414A-B52E-917F82808AA2}.Debug|Any CPU.Build.0 = Debug|Any CPU
		{D5A2C104-86A3-414A-B52E-917F82808AA2}.Release|Any CPU.ActiveCfg = Release|Any CPU
		{D5A2C104-86A3-414A-B52E-917F82808AA2}.Release|Any CPU.Build.0 = Release|Any CPU
		{4690FD06-C93F-466E-9151-2D6EAC945392}.Debug|Any CPU.ActiveCfg = Debug|Any CPU
		{4690FD06-C93F-466E-9151-2D6EAC945392}.Debug|Any CPU.Build.0 = Debug|Any CPU
		{4690FD06-C93F-466E-9151-2D6EAC945392}.Release|Any CPU.ActiveCfg = Release|Any CPU
		{4690FD06-C93F-466E-9151-2D6EAC945392}.Release|Any CPU.Build.0 = Release|Any CPU
		{1B7239F8-BC65-4591-AA8F-D79FDB0C9023}.Debug|Any CPU.ActiveCfg = Debug|Any CPU
		{1B7239F8-BC65-4591-AA8F-D79FDB0C9023}.Debug|Any CPU.Build.0 = Debug|Any CPU
		{1B7239F8-BC65-4591-AA8F-D79FDB0C9023}.Release|Any CPU.ActiveCfg = Release|Any CPU
		{1B7239F8-BC65-4591-AA8F-D79FDB0C9023}.Release|Any CPU.Build.0 = Release|Any CPU
		{1892257D-3BC2-47F7-A412-94C3837A9FBC}.Debug|Any CPU.ActiveCfg = Debug|Any CPU
		{1892257D-3BC2-47F7-A412-94C3837A9FBC}.Debug|Any CPU.Build.0 = Debug|Any CPU
		{1892257D-3BC2-47F7-A412-94C3837A9FBC}.Release|Any CPU.ActiveCfg = Release|Any CPU
		{1892257D-3BC2-47F7-A412-94C3837A9FBC}.Release|Any CPU.Build.0 = Release|Any CPU
		{8BC8A033-5688-4FDC-B545-611051955B92}.Debug|Any CPU.ActiveCfg = Debug|Any CPU
		{8BC8A033-5688-4FDC-B545-611051955B92}.Debug|Any CPU.Build.0 = Debug|Any CPU
		{8BC8A033-5688-4FDC-B545-611051955B92}.Release|Any CPU.ActiveCfg = Release|Any CPU
		{8BC8A033-5688-4FDC-B545-611051955B92}.Release|Any CPU.Build.0 = Release|Any CPU
		{D0B13621-C58E-47B1-9F1A-204869A5E42F}.Debug|Any CPU.ActiveCfg = Debug|Any CPU
		{D0B13621-C58E-47B1-9F1A-204869A5E42F}.Debug|Any CPU.Build.0 = Debug|Any CPU
		{D0B13621-C58E-47B1-9F1A-204869A5E42F}.Release|Any CPU.ActiveCfg = Release|Any CPU
		{D0B13621-C58E-47B1-9F1A-204869A5E42F}.Release|Any CPU.Build.0 = Release|Any CPU
		{F438A89F-1E43-4F0B-B9F8-CCADDBB395FF}.Debug|Any CPU.ActiveCfg = Debug|Any CPU
		{F438A89F-1E43-4F0B-B9F8-CCADDBB395FF}.Debug|Any CPU.Build.0 = Debug|Any CPU
		{F438A89F-1E43-4F0B-B9F8-CCADDBB395FF}.Release|Any CPU.ActiveCfg = Release|Any CPU
		{F438A89F-1E43-4F0B-B9F8-CCADDBB395FF}.Release|Any CPU.Build.0 = Release|Any CPU
		{BC3E5ABE-6500-4280-B8F7-2BAF44CDBB34}.Debug|Any CPU.ActiveCfg = Debug|Any CPU
		{BC3E5ABE-6500-4280-B8F7-2BAF44CDBB34}.Debug|Any CPU.Build.0 = Debug|Any CPU
		{BC3E5ABE-6500-4280-B8F7-2BAF44CDBB34}.Release|Any CPU.ActiveCfg = Release|Any CPU
		{BC3E5ABE-6500-4280-B8F7-2BAF44CDBB34}.Release|Any CPU.Build.0 = Release|Any CPU
		{271F5382-754F-48A9-B812-92FE050575D8}.Debug|Any CPU.ActiveCfg = Debug|Any CPU
		{271F5382-754F-48A9-B812-92FE050575D8}.Debug|Any CPU.Build.0 = Debug|Any CPU
		{271F5382-754F-48A9-B812-92FE050575D8}.Release|Any CPU.ActiveCfg = Release|Any CPU
		{271F5382-754F-48A9-B812-92FE050575D8}.Release|Any CPU.Build.0 = Release|Any CPU
		{7920EAE8-3D22-4339-AF6B-0D139AAD9D3B}.Debug|Any CPU.ActiveCfg = Debug|Any CPU
		{7920EAE8-3D22-4339-AF6B-0D139AAD9D3B}.Debug|Any CPU.Build.0 = Debug|Any CPU
		{7920EAE8-3D22-4339-AF6B-0D139AAD9D3B}.Release|Any CPU.ActiveCfg = Release|Any CPU
		{7920EAE8-3D22-4339-AF6B-0D139AAD9D3B}.Release|Any CPU.Build.0 = Release|Any CPU
		{20B6B443-970A-476B-8222-10CBA9486817}.Debug|Any CPU.ActiveCfg = Debug|Any CPU
		{20B6B443-970A-476B-8222-10CBA9486817}.Debug|Any CPU.Build.0 = Debug|Any CPU
		{20B6B443-970A-476B-8222-10CBA9486817}.Release|Any CPU.ActiveCfg = Release|Any CPU
		{20B6B443-970A-476B-8222-10CBA9486817}.Release|Any CPU.Build.0 = Release|Any CPU
		{B3533FFA-05E3-4FBB-AFA5-D3520AEECCB5}.Debug|Any CPU.ActiveCfg = Debug|Any CPU
		{B3533FFA-05E3-4FBB-AFA5-D3520AEECCB5}.Debug|Any CPU.Build.0 = Debug|Any CPU
		{B3533FFA-05E3-4FBB-AFA5-D3520AEECCB5}.Release|Any CPU.ActiveCfg = Release|Any CPU
		{B3533FFA-05E3-4FBB-AFA5-D3520AEECCB5}.Release|Any CPU.Build.0 = Release|Any CPU
		{7B9785A7-DD24-4E74-837A-60156C4D2E54}.Debug|Any CPU.ActiveCfg = Debug|Any CPU
		{7B9785A7-DD24-4E74-837A-60156C4D2E54}.Debug|Any CPU.Build.0 = Debug|Any CPU
		{7B9785A7-DD24-4E74-837A-60156C4D2E54}.Release|Any CPU.ActiveCfg = Release|Any CPU
		{7B9785A7-DD24-4E74-837A-60156C4D2E54}.Release|Any CPU.Build.0 = Release|Any CPU
		{52087C4A-8473-41E3-A38E-49BD9F6097A4}.Debug|Any CPU.ActiveCfg = Debug|Any CPU
		{52087C4A-8473-41E3-A38E-49BD9F6097A4}.Debug|Any CPU.Build.0 = Debug|Any CPU
		{52087C4A-8473-41E3-A38E-49BD9F6097A4}.Release|Any CPU.ActiveCfg = Release|Any CPU
		{52087C4A-8473-41E3-A38E-49BD9F6097A4}.Release|Any CPU.Build.0 = Release|Any CPU
		{65BD9B5F-F4E1-4E16-AE2F-A4E96A1CB287}.Debug|Any CPU.ActiveCfg = Debug|Any CPU
		{65BD9B5F-F4E1-4E16-AE2F-A4E96A1CB287}.Debug|Any CPU.Build.0 = Debug|Any CPU
		{65BD9B5F-F4E1-4E16-AE2F-A4E96A1CB287}.Release|Any CPU.ActiveCfg = Release|Any CPU
		{65BD9B5F-F4E1-4E16-AE2F-A4E96A1CB287}.Release|Any CPU.Build.0 = Release|Any CPU
		{4E000B7F-B95B-44A4-9C40-0F70380817B6}.Debug|Any CPU.ActiveCfg = Debug|Any CPU
		{4E000B7F-B95B-44A4-9C40-0F70380817B6}.Debug|Any CPU.Build.0 = Debug|Any CPU
		{4E000B7F-B95B-44A4-9C40-0F70380817B6}.Release|Any CPU.ActiveCfg = Release|Any CPU
		{4E000B7F-B95B-44A4-9C40-0F70380817B6}.Release|Any CPU.Build.0 = Release|Any CPU
		{DFACA3F5-BF4C-4BDB-A85F-57ADE908DA9E}.Debug|Any CPU.ActiveCfg = Debug|Any CPU
		{DFACA3F5-BF4C-4BDB-A85F-57ADE908DA9E}.Debug|Any CPU.Build.0 = Debug|Any CPU
		{DFACA3F5-BF4C-4BDB-A85F-57ADE908DA9E}.Release|Any CPU.ActiveCfg = Release|Any CPU
		{DFACA3F5-BF4C-4BDB-A85F-57ADE908DA9E}.Release|Any CPU.Build.0 = Release|Any CPU
		{FE21799B-CD31-4BC3-9665-588ABEBA95F2}.Debug|Any CPU.ActiveCfg = Debug|Any CPU
		{FE21799B-CD31-4BC3-9665-588ABEBA95F2}.Debug|Any CPU.Build.0 = Debug|Any CPU
		{FE21799B-CD31-4BC3-9665-588ABEBA95F2}.Release|Any CPU.ActiveCfg = Release|Any CPU
		{FE21799B-CD31-4BC3-9665-588ABEBA95F2}.Release|Any CPU.Build.0 = Release|Any CPU
		{A1399012-5BA8-4885-88F1-C6E9F0B44BDB}.Debug|Any CPU.ActiveCfg = Debug|Any CPU
		{A1399012-5BA8-4885-88F1-C6E9F0B44BDB}.Debug|Any CPU.Build.0 = Debug|Any CPU
		{A1399012-5BA8-4885-88F1-C6E9F0B44BDB}.Release|Any CPU.ActiveCfg = Release|Any CPU
		{A1399012-5BA8-4885-88F1-C6E9F0B44BDB}.Release|Any CPU.Build.0 = Release|Any CPU
		{09DDF4DC-DC47-4E0C-ABB4-E479625F2532}.Debug|Any CPU.ActiveCfg = Debug|Any CPU
		{09DDF4DC-DC47-4E0C-ABB4-E479625F2532}.Debug|Any CPU.Build.0 = Debug|Any CPU
		{09DDF4DC-DC47-4E0C-ABB4-E479625F2532}.Release|Any CPU.ActiveCfg = Release|Any CPU
		{09DDF4DC-DC47-4E0C-ABB4-E479625F2532}.Release|Any CPU.Build.0 = Release|Any CPU
		{2DD35AE9-2F0E-4022-9AA2-A9A1FF86EBD2}.Debug|Any CPU.ActiveCfg = Debug|Any CPU
		{2DD35AE9-2F0E-4022-9AA2-A9A1FF86EBD2}.Debug|Any CPU.Build.0 = Debug|Any CPU
		{2DD35AE9-2F0E-4022-9AA2-A9A1FF86EBD2}.Release|Any CPU.ActiveCfg = Release|Any CPU
		{2DD35AE9-2F0E-4022-9AA2-A9A1FF86EBD2}.Release|Any CPU.Build.0 = Release|Any CPU
	EndGlobalSection
	GlobalSection(SolutionProperties) = preSolution
		HideSolutionNode = FALSE
	EndGlobalSection
	GlobalSection(ExtensibilityGlobals) = postSolution
		SolutionGuid = {BCF81762-BF56-4BA5-9873-8BDC3717A3AF}
	EndGlobalSection
EndGlobal
